
Microsoft Visual Studio Solution File, Format Version 12.00
# Visual Studio Version 17
VisualStudioVersion = 17.9.34728.123
MinimumVisualStudioVersion = 10.0.40219.1
Project("{FAE04EC0-301F-11D3-BF4B-00C04F79EFBC}") = "Main.Application.SystemImports", "Main.Application.SystemImports.csproj", "{424D51C4-1B13-45AB-8DE6-5BCC93F04FE6}"
EndProject
Global
	GlobalSection(SolutionConfigurationPlatforms) = preSolution
		Debug|Any CPU = Debug|Any CPU
		Release|Any CPU = Release|Any CPU
	EndGlobalSection
	GlobalSection(ProjectConfigurationPlatforms) = postSolution
		{424D51C4-1B13-45AB-8DE6-5BCC93F04FE6}.Debug|Any CPU.ActiveCfg = Debug|Any CPU
		{424D51C4-1B13-45AB-8DE6-5BCC93F04FE6}.Debug|Any CPU.Build.0 = Debug|Any CPU
		{424D51C4-1B13-45AB-8DE6-5BCC93F04FE6}.Release|Any CPU.ActiveCfg = Release|Any CPU
		{424D51C4-1B13-45AB-8DE6-5BCC93F04FE6}.Release|Any CPU.Build.0 = Release|Any CPU
	EndGlobalSection
	GlobalSection(SolutionProperties) = preSolution
		HideSolutionNode = FALSE
	EndGlobalSection
	GlobalSection(ExtensibilityGlobals) = postSolution
		SolutionGuid = {921E8C5F-1B76-43F5-956D-2CA51736F2DB}
	EndGlobalSection
EndGlobal
